// !$*UTF8*$!
{
	archiveVersion = 1;
	classes = {
	};
	objectVersion = 46;
	objects = {

/* Begin PBXBuildFile section */
		434CB600E9EB8B899773E571 /* Pods_GameTrooperUITests.framework in Frameworks */ = {isa = PBXBuildFile; fileRef = 287D7F7E1D8FEE3473FE05B7 /* Pods_GameTrooperUITests.framework */; };
		44F46824FF24C0880151DEA3 /* Pods_GameTrooperTests.framework in Frameworks */ = {isa = PBXBuildFile; fileRef = 9A3C5A498BC069E8CCF815B1 /* Pods_GameTrooperTests.framework */; };
		4F6E153867C9E264BE5D597E /* Pods_GameTrooper.framework in Frameworks */ = {isa = PBXBuildFile; fileRef = DB8EB49D4023DF4571BC5E3E /* Pods_GameTrooper.framework */; };
		71048DD11EDD478A005D8D81 /* StringExtension.swift in Sources */ = {isa = PBXBuildFile; fileRef = 71048DD01EDD478A005D8D81 /* StringExtension.swift */; };
		7135538A1EA90F2A002F4712 /* GameNewsViewController.swift in Sources */ = {isa = PBXBuildFile; fileRef = 713553891EA90F2A002F4712 /* GameNewsViewController.swift */; };
		7136A0E31EB618B4004C5255 /* News.swift in Sources */ = {isa = PBXBuildFile; fileRef = 7136A0E21EB618B4004C5255 /* News.swift */; };
		714A7BA51EA334FC00170AB5 /* AppDelegate.swift in Sources */ = {isa = PBXBuildFile; fileRef = 714A7BA41EA334FC00170AB5 /* AppDelegate.swift */; };
		714A7BAA1EA334FC00170AB5 /* Main.storyboard in Resources */ = {isa = PBXBuildFile; fileRef = 714A7BA81EA334FC00170AB5 /* Main.storyboard */; };
		714A7BAD1EA334FC00170AB5 /* GameTrooper.xcdatamodeld in Sources */ = {isa = PBXBuildFile; fileRef = 714A7BAB1EA334FC00170AB5 /* GameTrooper.xcdatamodeld */; };
		714A7BAF1EA334FC00170AB5 /* Assets.xcassets in Resources */ = {isa = PBXBuildFile; fileRef = 714A7BAE1EA334FC00170AB5 /* Assets.xcassets */; };
		714A7BB21EA334FC00170AB5 /* LaunchScreen.storyboard in Resources */ = {isa = PBXBuildFile; fileRef = 714A7BB01EA334FC00170AB5 /* LaunchScreen.storyboard */; };
		714A7BBD1EA334FC00170AB5 /* GameTrooperTests.swift in Sources */ = {isa = PBXBuildFile; fileRef = 714A7BBC1EA334FC00170AB5 /* GameTrooperTests.swift */; };
		714A7BC81EA334FC00170AB5 /* GameTrooperUITests.swift in Sources */ = {isa = PBXBuildFile; fileRef = 714A7BC71EA334FC00170AB5 /* GameTrooperUITests.swift */; };
		714A7BDD1EA338DB00170AB5 /* GameNewsTableViewCell.swift in Sources */ = {isa = PBXBuildFile; fileRef = 714A7BDC1EA338DB00170AB5 /* GameNewsTableViewCell.swift */; };
		714A7BEE1EA3B02B00170AB5 /* CoreData.framework in Frameworks */ = {isa = PBXBuildFile; fileRef = 714A7BED1EA3B02B00170AB5 /* CoreData.framework */; };
		7182EF281EAD9DA900B29FED /* GoogleService-Info.plist in Resources */ = {isa = PBXBuildFile; fileRef = 7182EF271EAD9DA900B29FED /* GoogleService-Info.plist */; };
		7182EF291EAD9DA900B29FED /* GoogleService-Info.plist in Resources */ = {isa = PBXBuildFile; fileRef = 7182EF271EAD9DA900B29FED /* GoogleService-Info.plist */; };
		7182EF2A1EAD9DA900B29FED /* GoogleService-Info.plist in Resources */ = {isa = PBXBuildFile; fileRef = 7182EF271EAD9DA900B29FED /* GoogleService-Info.plist */; };
		71835DA91ECC9A05002C1DCD /* TopGamesViewController.swift in Sources */ = {isa = PBXBuildFile; fileRef = 71835DA81ECC9A05002C1DCD /* TopGamesViewController.swift */; };
		71835DAB1ECC9F79002C1DCD /* TopGamesTableViewCell.swift in Sources */ = {isa = PBXBuildFile; fileRef = 71835DAA1ECC9F79002C1DCD /* TopGamesTableViewCell.swift */; };
		719182BA1EBF42DC00B24A8B /* MapViewController.swift in Sources */ = {isa = PBXBuildFile; fileRef = 719182B91EBF42DC00B24A8B /* MapViewController.swift */; };
		719182BC1EBF5F6400B24A8B /* GameStoresTableViewCell.swift in Sources */ = {isa = PBXBuildFile; fileRef = 719182BB1EBF5F6400B24A8B /* GameStoresTableViewCell.swift */; };
		719182BE1EBF5FAE00B24A8B /* SpeechRecognizerTableViewCell.swift in Sources */ = {isa = PBXBuildFile; fileRef = 719182BD1EBF5FAE00B24A8B /* SpeechRecognizerTableViewCell.swift */; };
		71B4C76E1EC09E65003DB256 /* GameStoreAnnotation.swift in Sources */ = {isa = PBXBuildFile; fileRef = 71B4C76D1EC09E65003DB256 /* GameStoreAnnotation.swift */; };
		71B840FE1ECADF4100D87E39 /* QuizQuestion.swift in Sources */ = {isa = PBXBuildFile; fileRef = 71B840FD1ECADF4100D87E39 /* QuizQuestion.swift */; };
		71B8C6C61EE004A00044109D /* ReachabilityHelper.swift in Sources */ = {isa = PBXBuildFile; fileRef = 71B8C6C51EE004A00044109D /* ReachabilityHelper.swift */; };
		71BEB1C91EA5CB0B00CDD998 /* DateExtension.swift in Sources */ = {isa = PBXBuildFile; fileRef = 71BEB1C81EA5CB0B00CDD998 /* DateExtension.swift */; };
		71BEB20C1EA64CDB00CDD998 /* ActivityIndicatorViewHelper.swift in Sources */ = {isa = PBXBuildFile; fileRef = 71BEB20B1EA64CDB00CDD998 /* ActivityIndicatorViewHelper.swift */; };
		71BFA7E21EDC30A3005E8E98 /* BannerHelper.swift in Sources */ = {isa = PBXBuildFile; fileRef = 71BFA7E11EDC30A3005E8E98 /* BannerHelper.swift */; };
		71BFA7E41EDC7305005E8E98 /* AboutViewController.swift in Sources */ = {isa = PBXBuildFile; fileRef = 71BFA7E31EDC7305005E8E98 /* AboutViewController.swift */; };
		71EC4CA51EA4CC160090DE56 /* GameNewsDetailViewController.swift in Sources */ = {isa = PBXBuildFile; fileRef = 71EC4CA41EA4CC160090DE56 /* GameNewsDetailViewController.swift */; };
		71F2691A1ECAA1DF0080B60C /* QuizViewController.swift in Sources */ = {isa = PBXBuildFile; fileRef = 71F269191ECAA1DF0080B60C /* QuizViewController.swift */; };
		71FEB0CA1ECD6737007786A1 /* TopGame.swift in Sources */ = {isa = PBXBuildFile; fileRef = 71FEB0C91ECD6737007786A1 /* TopGame.swift */; };
		71FEB0CC1ECDA048007786A1 /* TopGamesDetailViewController.swift in Sources */ = {isa = PBXBuildFile; fileRef = 71FEB0CB1ECDA048007786A1 /* TopGamesDetailViewController.swift */; };
/* End PBXBuildFile section */

/* Begin PBXContainerItemProxy section */
		714A7BB91EA334FC00170AB5 /* PBXContainerItemProxy */ = {
			isa = PBXContainerItemProxy;
			containerPortal = 714A7B991EA334FC00170AB5 /* Project object */;
			proxyType = 1;
			remoteGlobalIDString = 714A7BA01EA334FC00170AB5;
			remoteInfo = GameTrooper;
		};
		714A7BC41EA334FC00170AB5 /* PBXContainerItemProxy */ = {
			isa = PBXContainerItemProxy;
			containerPortal = 714A7B991EA334FC00170AB5 /* Project object */;
			proxyType = 1;
			remoteGlobalIDString = 714A7BA01EA334FC00170AB5;
			remoteInfo = GameTrooper;
		};
/* End PBXContainerItemProxy section */

/* Begin PBXFileReference section */
		23B714FE62E7A0D3619806E4 /* Pods-GameTrooper.debug.xcconfig */ = {isa = PBXFileReference; includeInIndex = 1; lastKnownFileType = text.xcconfig; name = "Pods-GameTrooper.debug.xcconfig"; path = "Pods/Target Support Files/Pods-GameTrooper/Pods-GameTrooper.debug.xcconfig"; sourceTree = "<group>"; };
		287D7F7E1D8FEE3473FE05B7 /* Pods_GameTrooperUITests.framework */ = {isa = PBXFileReference; explicitFileType = wrapper.framework; includeInIndex = 0; path = Pods_GameTrooperUITests.framework; sourceTree = BUILT_PRODUCTS_DIR; };
		6BD30475DE7575B8AE8F792A /* Pods-GameTrooperUITests.debug.xcconfig */ = {isa = PBXFileReference; includeInIndex = 1; lastKnownFileType = text.xcconfig; name = "Pods-GameTrooperUITests.debug.xcconfig"; path = "Pods/Target Support Files/Pods-GameTrooperUITests/Pods-GameTrooperUITests.debug.xcconfig"; sourceTree = "<group>"; };
		71048DD01EDD478A005D8D81 /* StringExtension.swift */ = {isa = PBXFileReference; fileEncoding = 4; lastKnownFileType = sourcecode.swift; path = StringExtension.swift; sourceTree = "<group>"; };
		713553891EA90F2A002F4712 /* GameNewsViewController.swift */ = {isa = PBXFileReference; fileEncoding = 4; lastKnownFileType = sourcecode.swift; path = GameNewsViewController.swift; sourceTree = "<group>"; };
		7136A0E21EB618B4004C5255 /* News.swift */ = {isa = PBXFileReference; fileEncoding = 4; lastKnownFileType = sourcecode.swift; path = News.swift; sourceTree = "<group>"; };
		714A7BA11EA334FC00170AB5 /* GameTrooper.app */ = {isa = PBXFileReference; explicitFileType = wrapper.application; includeInIndex = 0; path = GameTrooper.app; sourceTree = BUILT_PRODUCTS_DIR; };
		714A7BA41EA334FC00170AB5 /* AppDelegate.swift */ = {isa = PBXFileReference; lastKnownFileType = sourcecode.swift; path = AppDelegate.swift; sourceTree = "<group>"; };
		714A7BA91EA334FC00170AB5 /* Base */ = {isa = PBXFileReference; lastKnownFileType = file.storyboard; name = Base; path = Base.lproj/Main.storyboard; sourceTree = "<group>"; };
		714A7BAC1EA334FC00170AB5 /* GameTrooper.xcdatamodel */ = {isa = PBXFileReference; lastKnownFileType = wrapper.xcdatamodel; path = GameTrooper.xcdatamodel; sourceTree = "<group>"; };
		714A7BAE1EA334FC00170AB5 /* Assets.xcassets */ = {isa = PBXFileReference; lastKnownFileType = folder.assetcatalog; path = Assets.xcassets; sourceTree = "<group>"; };
		714A7BB11EA334FC00170AB5 /* Base */ = {isa = PBXFileReference; lastKnownFileType = file.storyboard; name = Base; path = Base.lproj/LaunchScreen.storyboard; sourceTree = "<group>"; };
		714A7BB31EA334FC00170AB5 /* Info.plist */ = {isa = PBXFileReference; lastKnownFileType = text.plist.xml; path = Info.plist; sourceTree = "<group>"; };
		714A7BB81EA334FC00170AB5 /* GameTrooperTests.xctest */ = {isa = PBXFileReference; explicitFileType = wrapper.cfbundle; includeInIndex = 0; path = GameTrooperTests.xctest; sourceTree = BUILT_PRODUCTS_DIR; };
		714A7BBC1EA334FC00170AB5 /* GameTrooperTests.swift */ = {isa = PBXFileReference; lastKnownFileType = sourcecode.swift; path = GameTrooperTests.swift; sourceTree = "<group>"; };
		714A7BBE1EA334FC00170AB5 /* Info.plist */ = {isa = PBXFileReference; lastKnownFileType = text.plist.xml; path = Info.plist; sourceTree = "<group>"; };
		714A7BC31EA334FC00170AB5 /* GameTrooperUITests.xctest */ = {isa = PBXFileReference; explicitFileType = wrapper.cfbundle; includeInIndex = 0; path = GameTrooperUITests.xctest; sourceTree = BUILT_PRODUCTS_DIR; };
		714A7BC71EA334FC00170AB5 /* GameTrooperUITests.swift */ = {isa = PBXFileReference; lastKnownFileType = sourcecode.swift; path = GameTrooperUITests.swift; sourceTree = "<group>"; };
		714A7BC91EA334FC00170AB5 /* Info.plist */ = {isa = PBXFileReference; lastKnownFileType = text.plist.xml; path = Info.plist; sourceTree = "<group>"; };
		714A7BDC1EA338DB00170AB5 /* GameNewsTableViewCell.swift */ = {isa = PBXFileReference; fileEncoding = 4; lastKnownFileType = sourcecode.swift; path = GameNewsTableViewCell.swift; sourceTree = "<group>"; };
		714A7BED1EA3B02B00170AB5 /* CoreData.framework */ = {isa = PBXFileReference; lastKnownFileType = wrapper.framework; name = CoreData.framework; path = System/Library/Frameworks/CoreData.framework; sourceTree = SDKROOT; };
		7182EF271EAD9DA900B29FED /* GoogleService-Info.plist */ = {isa = PBXFileReference; fileEncoding = 4; lastKnownFileType = text.plist.xml; path = "GoogleService-Info.plist"; sourceTree = "<group>"; };
		71835DA81ECC9A05002C1DCD /* TopGamesViewController.swift */ = {isa = PBXFileReference; fileEncoding = 4; lastKnownFileType = sourcecode.swift; path = TopGamesViewController.swift; sourceTree = "<group>"; };
		71835DAA1ECC9F79002C1DCD /* TopGamesTableViewCell.swift */ = {isa = PBXFileReference; fileEncoding = 4; lastKnownFileType = sourcecode.swift; path = TopGamesTableViewCell.swift; sourceTree = "<group>"; };
		719182B91EBF42DC00B24A8B /* MapViewController.swift */ = {isa = PBXFileReference; fileEncoding = 4; lastKnownFileType = sourcecode.swift; path = MapViewController.swift; sourceTree = "<group>"; };
		719182BB1EBF5F6400B24A8B /* GameStoresTableViewCell.swift */ = {isa = PBXFileReference; fileEncoding = 4; lastKnownFileType = sourcecode.swift; path = GameStoresTableViewCell.swift; sourceTree = "<group>"; };
		719182BD1EBF5FAE00B24A8B /* SpeechRecognizerTableViewCell.swift */ = {isa = PBXFileReference; fileEncoding = 4; lastKnownFileType = sourcecode.swift; path = SpeechRecognizerTableViewCell.swift; sourceTree = "<group>"; };
		71B4C76D1EC09E65003DB256 /* GameStoreAnnotation.swift */ = {isa = PBXFileReference; fileEncoding = 4; lastKnownFileType = sourcecode.swift; path = GameStoreAnnotation.swift; sourceTree = "<group>"; };
		71B840FD1ECADF4100D87E39 /* QuizQuestion.swift */ = {isa = PBXFileReference; fileEncoding = 4; lastKnownFileType = sourcecode.swift; path = QuizQuestion.swift; sourceTree = "<group>"; };
		71B8C6C51EE004A00044109D /* ReachabilityHelper.swift */ = {isa = PBXFileReference; fileEncoding = 4; lastKnownFileType = sourcecode.swift; path = ReachabilityHelper.swift; sourceTree = "<group>"; };
		71BEB1C81EA5CB0B00CDD998 /* DateExtension.swift */ = {isa = PBXFileReference; fileEncoding = 4; lastKnownFileType = sourcecode.swift; path = DateExtension.swift; sourceTree = "<group>"; };
		71BEB20B1EA64CDB00CDD998 /* ActivityIndicatorViewHelper.swift */ = {isa = PBXFileReference; fileEncoding = 4; lastKnownFileType = sourcecode.swift; path = ActivityIndicatorViewHelper.swift; sourceTree = "<group>"; };
		71BFA7E11EDC30A3005E8E98 /* BannerHelper.swift */ = {isa = PBXFileReference; fileEncoding = 4; lastKnownFileType = sourcecode.swift; path = BannerHelper.swift; sourceTree = "<group>"; };
		71BFA7E31EDC7305005E8E98 /* AboutViewController.swift */ = {isa = PBXFileReference; fileEncoding = 4; lastKnownFileType = sourcecode.swift; path = AboutViewController.swift; sourceTree = "<group>"; };
		71EC4CA41EA4CC160090DE56 /* GameNewsDetailViewController.swift */ = {isa = PBXFileReference; fileEncoding = 4; lastKnownFileType = sourcecode.swift; path = GameNewsDetailViewController.swift; sourceTree = "<group>"; };
		71F269191ECAA1DF0080B60C /* QuizViewController.swift */ = {isa = PBXFileReference; fileEncoding = 4; lastKnownFileType = sourcecode.swift; path = QuizViewController.swift; sourceTree = "<group>"; };
		71FEB0C91ECD6737007786A1 /* TopGame.swift */ = {isa = PBXFileReference; fileEncoding = 4; lastKnownFileType = sourcecode.swift; path = TopGame.swift; sourceTree = "<group>"; };
		71FEB0CB1ECDA048007786A1 /* TopGamesDetailViewController.swift */ = {isa = PBXFileReference; fileEncoding = 4; lastKnownFileType = sourcecode.swift; path = TopGamesDetailViewController.swift; sourceTree = "<group>"; };
		7EB5EB1B84138B5D3101C652 /* Pods-GameTrooper.release.xcconfig */ = {isa = PBXFileReference; includeInIndex = 1; lastKnownFileType = text.xcconfig; name = "Pods-GameTrooper.release.xcconfig"; path = "Pods/Target Support Files/Pods-GameTrooper/Pods-GameTrooper.release.xcconfig"; sourceTree = "<group>"; };
		83FE4124F6073F168838DD69 /* Pods-GameTrooperUITests.release.xcconfig */ = {isa = PBXFileReference; includeInIndex = 1; lastKnownFileType = text.xcconfig; name = "Pods-GameTrooperUITests.release.xcconfig"; path = "Pods/Target Support Files/Pods-GameTrooperUITests/Pods-GameTrooperUITests.release.xcconfig"; sourceTree = "<group>"; };
		858D31B65D3553B4A007B5B5 /* Pods-GameTrooperTests.debug.xcconfig */ = {isa = PBXFileReference; includeInIndex = 1; lastKnownFileType = text.xcconfig; name = "Pods-GameTrooperTests.debug.xcconfig"; path = "Pods/Target Support Files/Pods-GameTrooperTests/Pods-GameTrooperTests.debug.xcconfig"; sourceTree = "<group>"; };
		9A3C5A498BC069E8CCF815B1 /* Pods_GameTrooperTests.framework */ = {isa = PBXFileReference; explicitFileType = wrapper.framework; includeInIndex = 0; path = Pods_GameTrooperTests.framework; sourceTree = BUILT_PRODUCTS_DIR; };
		9BCA48C63C02C64FD8FB80AB /* Pods-GameTrooperTests.release.xcconfig */ = {isa = PBXFileReference; includeInIndex = 1; lastKnownFileType = text.xcconfig; name = "Pods-GameTrooperTests.release.xcconfig"; path = "Pods/Target Support Files/Pods-GameTrooperTests/Pods-GameTrooperTests.release.xcconfig"; sourceTree = "<group>"; };
		DB8EB49D4023DF4571BC5E3E /* Pods_GameTrooper.framework */ = {isa = PBXFileReference; explicitFileType = wrapper.framework; includeInIndex = 0; path = Pods_GameTrooper.framework; sourceTree = BUILT_PRODUCTS_DIR; };
/* End PBXFileReference section */

/* Begin PBXFrameworksBuildPhase section */
		714A7B9E1EA334FC00170AB5 /* Frameworks */ = {
			isa = PBXFrameworksBuildPhase;
			buildActionMask = 2147483647;
			files = (
				714A7BEE1EA3B02B00170AB5 /* CoreData.framework in Frameworks */,
				4F6E153867C9E264BE5D597E /* Pods_GameTrooper.framework in Frameworks */,
			);
			runOnlyForDeploymentPostprocessing = 0;
		};
		714A7BB51EA334FC00170AB5 /* Frameworks */ = {
			isa = PBXFrameworksBuildPhase;
			buildActionMask = 2147483647;
			files = (
				44F46824FF24C0880151DEA3 /* Pods_GameTrooperTests.framework in Frameworks */,
			);
			runOnlyForDeploymentPostprocessing = 0;
		};
		714A7BC01EA334FC00170AB5 /* Frameworks */ = {
			isa = PBXFrameworksBuildPhase;
			buildActionMask = 2147483647;
			files = (
				434CB600E9EB8B899773E571 /* Pods_GameTrooperUITests.framework in Frameworks */,
			);
			runOnlyForDeploymentPostprocessing = 0;
		};
/* End PBXFrameworksBuildPhase section */

/* Begin PBXGroup section */
		1A84A4FD02B99D3623F8866B /* Pods */ = {
			isa = PBXGroup;
			children = (
				23B714FE62E7A0D3619806E4 /* Pods-GameTrooper.debug.xcconfig */,
				7EB5EB1B84138B5D3101C652 /* Pods-GameTrooper.release.xcconfig */,
				858D31B65D3553B4A007B5B5 /* Pods-GameTrooperTests.debug.xcconfig */,
				9BCA48C63C02C64FD8FB80AB /* Pods-GameTrooperTests.release.xcconfig */,
				6BD30475DE7575B8AE8F792A /* Pods-GameTrooperUITests.debug.xcconfig */,
				83FE4124F6073F168838DD69 /* Pods-GameTrooperUITests.release.xcconfig */,
			);
			name = Pods;
			sourceTree = "<group>";
		};
		714A7B981EA334FC00170AB5 = {
			isa = PBXGroup;
			children = (
				714A7BA31EA334FC00170AB5 /* GameTrooper */,
				714A7BBB1EA334FC00170AB5 /* GameTrooperTests */,
				714A7BC61EA334FC00170AB5 /* GameTrooperUITests */,
				714A7BA21EA334FC00170AB5 /* Products */,
				714A7BEC1EA3B02B00170AB5 /* Frameworks */,
				1A84A4FD02B99D3623F8866B /* Pods */,
			);
			sourceTree = "<group>";
		};
		714A7BA21EA334FC00170AB5 /* Products */ = {
			isa = PBXGroup;
			children = (
				714A7BA11EA334FC00170AB5 /* GameTrooper.app */,
				714A7BB81EA334FC00170AB5 /* GameTrooperTests.xctest */,
				714A7BC31EA334FC00170AB5 /* GameTrooperUITests.xctest */,
			);
			name = Products;
			sourceTree = "<group>";
		};
		714A7BA31EA334FC00170AB5 /* GameTrooper */ = {
			isa = PBXGroup;
			children = (
				71BEB20A1EA64C9100CDD998 /* Helper */,
				714A7BD51EA3350800170AB5 /* Model */,
				714A7BDB1EA338C600170AB5 /* Cell */,
				714A7BD61EA3350E00170AB5 /* Controller */,
				714A7BA41EA334FC00170AB5 /* AppDelegate.swift */,
				714A7BA81EA334FC00170AB5 /* Main.storyboard */,
				714A7BAE1EA334FC00170AB5 /* Assets.xcassets */,
				714A7BB01EA334FC00170AB5 /* LaunchScreen.storyboard */,
				714A7BB31EA334FC00170AB5 /* Info.plist */,
				714A7BAB1EA334FC00170AB5 /* GameTrooper.xcdatamodeld */,
				7182EF271EAD9DA900B29FED /* GoogleService-Info.plist */,
			);
			path = GameTrooper;
			sourceTree = "<group>";
		};
		714A7BBB1EA334FC00170AB5 /* GameTrooperTests */ = {
			isa = PBXGroup;
			children = (
				714A7BBC1EA334FC00170AB5 /* GameTrooperTests.swift */,
				714A7BBE1EA334FC00170AB5 /* Info.plist */,
			);
			path = GameTrooperTests;
			sourceTree = "<group>";
		};
		714A7BC61EA334FC00170AB5 /* GameTrooperUITests */ = {
			isa = PBXGroup;
			children = (
				714A7BC71EA334FC00170AB5 /* GameTrooperUITests.swift */,
				714A7BC91EA334FC00170AB5 /* Info.plist */,
			);
			path = GameTrooperUITests;
			sourceTree = "<group>";
		};
		714A7BD51EA3350800170AB5 /* Model */ = {
			isa = PBXGroup;
			children = (
				7136A0E21EB618B4004C5255 /* News.swift */,
				71FEB0C91ECD6737007786A1 /* TopGame.swift */,
				71B4C76D1EC09E65003DB256 /* GameStoreAnnotation.swift */,
				71B840FD1ECADF4100D87E39 /* QuizQuestion.swift */,
			);
			name = Model;
			sourceTree = "<group>";
		};
		714A7BD61EA3350E00170AB5 /* Controller */ = {
			isa = PBXGroup;
			children = (
				713553891EA90F2A002F4712 /* GameNewsViewController.swift */,
				71EC4CA41EA4CC160090DE56 /* GameNewsDetailViewController.swift */,
				71835DA81ECC9A05002C1DCD /* TopGamesViewController.swift */,
				71FEB0CB1ECDA048007786A1 /* TopGamesDetailViewController.swift */,
				719182B91EBF42DC00B24A8B /* MapViewController.swift */,
				71F269191ECAA1DF0080B60C /* QuizViewController.swift */,
				71BFA7E31EDC7305005E8E98 /* AboutViewController.swift */,
			);
			name = Controller;
			sourceTree = "<group>";
		};
		714A7BDB1EA338C600170AB5 /* Cell */ = {
			isa = PBXGroup;
			children = (
				714A7BDC1EA338DB00170AB5 /* GameNewsTableViewCell.swift */,
				71835DAA1ECC9F79002C1DCD /* TopGamesTableViewCell.swift */,
				719182BB1EBF5F6400B24A8B /* GameStoresTableViewCell.swift */,
				719182BD1EBF5FAE00B24A8B /* SpeechRecognizerTableViewCell.swift */,
			);
			name = Cell;
			sourceTree = "<group>";
		};
		714A7BEC1EA3B02B00170AB5 /* Frameworks */ = {
			isa = PBXGroup;
			children = (
				714A7BED1EA3B02B00170AB5 /* CoreData.framework */,
				DB8EB49D4023DF4571BC5E3E /* Pods_GameTrooper.framework */,
				9A3C5A498BC069E8CCF815B1 /* Pods_GameTrooperTests.framework */,
				287D7F7E1D8FEE3473FE05B7 /* Pods_GameTrooperUITests.framework */,
			);
			name = Frameworks;
			sourceTree = "<group>";
		};
		71BEB20A1EA64C9100CDD998 /* Helper */ = {
			isa = PBXGroup;
			children = (
				71BEB1C81EA5CB0B00CDD998 /* DateExtension.swift */,
				71048DD01EDD478A005D8D81 /* StringExtension.swift */,
				71BEB20B1EA64CDB00CDD998 /* ActivityIndicatorViewHelper.swift */,
				71BFA7E11EDC30A3005E8E98 /* BannerHelper.swift */,
				71B8C6C51EE004A00044109D /* ReachabilityHelper.swift */,
			);
			name = Helper;
			sourceTree = "<group>";
		};
/* End PBXGroup section */

/* Begin PBXNativeTarget section */
		714A7BA01EA334FC00170AB5 /* GameTrooper */ = {
			isa = PBXNativeTarget;
			buildConfigurationList = 714A7BCC1EA334FC00170AB5 /* Build configuration list for PBXNativeTarget "GameTrooper" */;
			buildPhases = (
				428214A328A1EDABEE67B7BC /* [CP] Check Pods Manifest.lock */,
				714A7B9D1EA334FC00170AB5 /* Sources */,
				714A7B9E1EA334FC00170AB5 /* Frameworks */,
				714A7B9F1EA334FC00170AB5 /* Resources */,
				AEBD6AC79526EC84EC1F9C9D /* [CP] Embed Pods Frameworks */,
			);
			buildRules = (
			);
			dependencies = (
			);
			name = GameTrooper;
			productName = GameTrooper;
			productReference = 714A7BA11EA334FC00170AB5 /* GameTrooper.app */;
			productType = "com.apple.product-type.application";
		};
		714A7BB71EA334FC00170AB5 /* GameTrooperTests */ = {
			isa = PBXNativeTarget;
			buildConfigurationList = 714A7BCF1EA334FC00170AB5 /* Build configuration list for PBXNativeTarget "GameTrooperTests" */;
			buildPhases = (
				C129100C6EBB8EA06AF5296A /* [CP] Check Pods Manifest.lock */,
				714A7BB41EA334FC00170AB5 /* Sources */,
				714A7BB51EA334FC00170AB5 /* Frameworks */,
				714A7BB61EA334FC00170AB5 /* Resources */,
			);
			buildRules = (
			);
			dependencies = (
				714A7BBA1EA334FC00170AB5 /* PBXTargetDependency */,
			);
			name = GameTrooperTests;
			productName = GameTrooperTests;
			productReference = 714A7BB81EA334FC00170AB5 /* GameTrooperTests.xctest */;
			productType = "com.apple.product-type.bundle.unit-test";
		};
		714A7BC21EA334FC00170AB5 /* GameTrooperUITests */ = {
			isa = PBXNativeTarget;
			buildConfigurationList = 714A7BD21EA334FC00170AB5 /* Build configuration list for PBXNativeTarget "GameTrooperUITests" */;
			buildPhases = (
				44E8177B66D68BD66C7262BA /* [CP] Check Pods Manifest.lock */,
				714A7BBF1EA334FC00170AB5 /* Sources */,
				714A7BC01EA334FC00170AB5 /* Frameworks */,
				714A7BC11EA334FC00170AB5 /* Resources */,
			);
			buildRules = (
			);
			dependencies = (
				714A7BC51EA334FC00170AB5 /* PBXTargetDependency */,
			);
			name = GameTrooperUITests;
			productName = GameTrooperUITests;
			productReference = 714A7BC31EA334FC00170AB5 /* GameTrooperUITests.xctest */;
			productType = "com.apple.product-type.bundle.ui-testing";
		};
/* End PBXNativeTarget section */

/* Begin PBXProject section */
		714A7B991EA334FC00170AB5 /* Project object */ = {
			isa = PBXProject;
			attributes = {
				LastSwiftUpdateCheck = 0820;
				LastUpgradeCheck = 1020;
				ORGANIZATIONNAME = "Ray Krishardi Layadi";
				TargetAttributes = {
					714A7BA01EA334FC00170AB5 = {
						CreatedOnToolsVersion = 8.2.1;
						DevelopmentTeam = HL4FW5S9QY;
						ProvisioningStyle = Automatic;
					};
					714A7BB71EA334FC00170AB5 = {
						CreatedOnToolsVersion = 8.2.1;
						ProvisioningStyle = Automatic;
						TestTargetID = 714A7BA01EA334FC00170AB5;
					};
					714A7BC21EA334FC00170AB5 = {
						CreatedOnToolsVersion = 8.2.1;
						ProvisioningStyle = Automatic;
						TestTargetID = 714A7BA01EA334FC00170AB5;
					};
				};
			};
			buildConfigurationList = 714A7B9C1EA334FC00170AB5 /* Build configuration list for PBXProject "GameTrooper" */;
			compatibilityVersion = "Xcode 3.2";
			developmentRegion = en;
			hasScannedForEncodings = 0;
			knownRegions = (
				en,
				Base,
			);
			mainGroup = 714A7B981EA334FC00170AB5;
			productRefGroup = 714A7BA21EA334FC00170AB5 /* Products */;
			projectDirPath = "";
			projectRoot = "";
			targets = (
				714A7BA01EA334FC00170AB5 /* GameTrooper */,
				714A7BB71EA334FC00170AB5 /* GameTrooperTests */,
				714A7BC21EA334FC00170AB5 /* GameTrooperUITests */,
			);
		};
/* End PBXProject section */

/* Begin PBXResourcesBuildPhase section */
		714A7B9F1EA334FC00170AB5 /* Resources */ = {
			isa = PBXResourcesBuildPhase;
			buildActionMask = 2147483647;
			files = (
				714A7BB21EA334FC00170AB5 /* LaunchScreen.storyboard in Resources */,
				7182EF281EAD9DA900B29FED /* GoogleService-Info.plist in Resources */,
				714A7BAF1EA334FC00170AB5 /* Assets.xcassets in Resources */,
				714A7BAA1EA334FC00170AB5 /* Main.storyboard in Resources */,
			);
			runOnlyForDeploymentPostprocessing = 0;
		};
		714A7BB61EA334FC00170AB5 /* Resources */ = {
			isa = PBXResourcesBuildPhase;
			buildActionMask = 2147483647;
			files = (
				7182EF291EAD9DA900B29FED /* GoogleService-Info.plist in Resources */,
			);
			runOnlyForDeploymentPostprocessing = 0;
		};
		714A7BC11EA334FC00170AB5 /* Resources */ = {
			isa = PBXResourcesBuildPhase;
			buildActionMask = 2147483647;
			files = (
				7182EF2A1EAD9DA900B29FED /* GoogleService-Info.plist in Resources */,
			);
			runOnlyForDeploymentPostprocessing = 0;
		};
/* End PBXResourcesBuildPhase section */

/* Begin PBXShellScriptBuildPhase section */
		428214A328A1EDABEE67B7BC /* [CP] Check Pods Manifest.lock */ = {
			isa = PBXShellScriptBuildPhase;
			buildActionMask = 2147483647;
			files = (
			);
			inputPaths = (
				"${PODS_PODFILE_DIR_PATH}/Podfile.lock",
				"${PODS_ROOT}/Manifest.lock",
			);
			name = "[CP] Check Pods Manifest.lock";
			outputPaths = (
				"$(DERIVED_FILE_DIR)/Pods-GameTrooper-checkManifestLockResult.txt",
			);
			runOnlyForDeploymentPostprocessing = 0;
			shellPath = /bin/sh;
			shellScript = "diff \"${PODS_PODFILE_DIR_PATH}/Podfile.lock\" \"${PODS_ROOT}/Manifest.lock\" > /dev/null\nif [ $? != 0 ] ; then\n    # print error to STDERR\n    echo \"error: The sandbox is not in sync with the Podfile.lock. Run 'pod install' or update your CocoaPods installation.\" >&2\n    exit 1\nfi\n# This output is used by Xcode 'outputs' to avoid re-running this script phase.\necho \"SUCCESS\" > \"${SCRIPT_OUTPUT_FILE_0}\"\n";
			showEnvVarsInLog = 0;
		};
		44E8177B66D68BD66C7262BA /* [CP] Check Pods Manifest.lock */ = {
			isa = PBXShellScriptBuildPhase;
			buildActionMask = 2147483647;
			files = (
			);
			inputPaths = (
				"${PODS_PODFILE_DIR_PATH}/Podfile.lock",
				"${PODS_ROOT}/Manifest.lock",
			);
			name = "[CP] Check Pods Manifest.lock";
			outputPaths = (
				"$(DERIVED_FILE_DIR)/Pods-GameTrooperUITests-checkManifestLockResult.txt",
			);
			runOnlyForDeploymentPostprocessing = 0;
			shellPath = /bin/sh;
			shellScript = "diff \"${PODS_PODFILE_DIR_PATH}/Podfile.lock\" \"${PODS_ROOT}/Manifest.lock\" > /dev/null\nif [ $? != 0 ] ; then\n    # print error to STDERR\n    echo \"error: The sandbox is not in sync with the Podfile.lock. Run 'pod install' or update your CocoaPods installation.\" >&2\n    exit 1\nfi\n# This output is used by Xcode 'outputs' to avoid re-running this script phase.\necho \"SUCCESS\" > \"${SCRIPT_OUTPUT_FILE_0}\"\n";
			showEnvVarsInLog = 0;
		};
		AEBD6AC79526EC84EC1F9C9D /* [CP] Embed Pods Frameworks */ = {
			isa = PBXShellScriptBuildPhase;
			buildActionMask = 2147483647;
			files = (
			);
			inputPaths = (
				"${PODS_ROOT}/Target Support Files/Pods-GameTrooper/Pods-GameTrooper-frameworks.sh",
				"${BUILT_PRODUCTS_DIR}/Alamofire/Alamofire.framework",
				"${BUILT_PRODUCTS_DIR}/BRYXBanner/BRYXBanner.framework",
				"${BUILT_PRODUCTS_DIR}/Cosmos/Cosmos.framework",
				"${BUILT_PRODUCTS_DIR}/GoogleUtilities/GoogleUtilities.framework",
				"${BUILT_PRODUCTS_DIR}/ReachabilitySwift/Reachability.framework",
				"${BUILT_PRODUCTS_DIR}/SDWebImage/SDWebImage.framework",
				"${BUILT_PRODUCTS_DIR}/leveldb-library/leveldb.framework",
				"${BUILT_PRODUCTS_DIR}/nanopb/nanopb.framework",
			);
			name = "[CP] Embed Pods Frameworks";
			outputPaths = (
				"${TARGET_BUILD_DIR}/${FRAMEWORKS_FOLDER_PATH}/Alamofire.framework",
				"${TARGET_BUILD_DIR}/${FRAMEWORKS_FOLDER_PATH}/BRYXBanner.framework",
				"${TARGET_BUILD_DIR}/${FRAMEWORKS_FOLDER_PATH}/Cosmos.framework",
				"${TARGET_BUILD_DIR}/${FRAMEWORKS_FOLDER_PATH}/GoogleUtilities.framework",
				"${TARGET_BUILD_DIR}/${FRAMEWORKS_FOLDER_PATH}/Reachability.framework",
				"${TARGET_BUILD_DIR}/${FRAMEWORKS_FOLDER_PATH}/SDWebImage.framework",
				"${TARGET_BUILD_DIR}/${FRAMEWORKS_FOLDER_PATH}/leveldb.framework",
				"${TARGET_BUILD_DIR}/${FRAMEWORKS_FOLDER_PATH}/nanopb.framework",
			);
			runOnlyForDeploymentPostprocessing = 0;
			shellPath = /bin/sh;
			shellScript = "\"${PODS_ROOT}/Target Support Files/Pods-GameTrooper/Pods-GameTrooper-frameworks.sh\"\n";
			showEnvVarsInLog = 0;
		};
		C129100C6EBB8EA06AF5296A /* [CP] Check Pods Manifest.lock */ = {
			isa = PBXShellScriptBuildPhase;
			buildActionMask = 2147483647;
			files = (
			);
			inputPaths = (
				"${PODS_PODFILE_DIR_PATH}/Podfile.lock",
				"${PODS_ROOT}/Manifest.lock",
			);
			name = "[CP] Check Pods Manifest.lock";
			outputPaths = (
				"$(DERIVED_FILE_DIR)/Pods-GameTrooperTests-checkManifestLockResult.txt",
			);
			runOnlyForDeploymentPostprocessing = 0;
			shellPath = /bin/sh;
			shellScript = "diff \"${PODS_PODFILE_DIR_PATH}/Podfile.lock\" \"${PODS_ROOT}/Manifest.lock\" > /dev/null\nif [ $? != 0 ] ; then\n    # print error to STDERR\n    echo \"error: The sandbox is not in sync with the Podfile.lock. Run 'pod install' or update your CocoaPods installation.\" >&2\n    exit 1\nfi\n# This output is used by Xcode 'outputs' to avoid re-running this script phase.\necho \"SUCCESS\" > \"${SCRIPT_OUTPUT_FILE_0}\"\n";
			showEnvVarsInLog = 0;
		};
/* End PBXShellScriptBuildPhase section */

/* Begin PBXSourcesBuildPhase section */
		714A7B9D1EA334FC00170AB5 /* Sources */ = {
			isa = PBXSourcesBuildPhase;
			buildActionMask = 2147483647;
			files = (
				714A7BDD1EA338DB00170AB5 /* GameNewsTableViewCell.swift in Sources */,
				719182BC1EBF5F6400B24A8B /* GameStoresTableViewCell.swift in Sources */,
				71B840FE1ECADF4100D87E39 /* QuizQuestion.swift in Sources */,
				71B4C76E1EC09E65003DB256 /* GameStoreAnnotation.swift in Sources */,
				719182BE1EBF5FAE00B24A8B /* SpeechRecognizerTableViewCell.swift in Sources */,
				71BEB1C91EA5CB0B00CDD998 /* DateExtension.swift in Sources */,
				714A7BA51EA334FC00170AB5 /* AppDelegate.swift in Sources */,
				714A7BAD1EA334FC00170AB5 /* GameTrooper.xcdatamodeld in Sources */,
				71048DD11EDD478A005D8D81 /* StringExtension.swift in Sources */,
				719182BA1EBF42DC00B24A8B /* MapViewController.swift in Sources */,
				71FEB0CC1ECDA048007786A1 /* TopGamesDetailViewController.swift in Sources */,
				71835DAB1ECC9F79002C1DCD /* TopGamesTableViewCell.swift in Sources */,
				71F2691A1ECAA1DF0080B60C /* QuizViewController.swift in Sources */,
				71BFA7E21EDC30A3005E8E98 /* BannerHelper.swift in Sources */,
				71BEB20C1EA64CDB00CDD998 /* ActivityIndicatorViewHelper.swift in Sources */,
				71FEB0CA1ECD6737007786A1 /* TopGame.swift in Sources */,
				71835DA91ECC9A05002C1DCD /* TopGamesViewController.swift in Sources */,
				71EC4CA51EA4CC160090DE56 /* GameNewsDetailViewController.swift in Sources */,
				7136A0E31EB618B4004C5255 /* News.swift in Sources */,
				71BFA7E41EDC7305005E8E98 /* AboutViewController.swift in Sources */,
				71B8C6C61EE004A00044109D /* ReachabilityHelper.swift in Sources */,
				7135538A1EA90F2A002F4712 /* GameNewsViewController.swift in Sources */,
			);
			runOnlyForDeploymentPostprocessing = 0;
		};
		714A7BB41EA334FC00170AB5 /* Sources */ = {
			isa = PBXSourcesBuildPhase;
			buildActionMask = 2147483647;
			files = (
				714A7BBD1EA334FC00170AB5 /* GameTrooperTests.swift in Sources */,
			);
			runOnlyForDeploymentPostprocessing = 0;
		};
		714A7BBF1EA334FC00170AB5 /* Sources */ = {
			isa = PBXSourcesBuildPhase;
			buildActionMask = 2147483647;
			files = (
				714A7BC81EA334FC00170AB5 /* GameTrooperUITests.swift in Sources */,
			);
			runOnlyForDeploymentPostprocessing = 0;
		};
/* End PBXSourcesBuildPhase section */

/* Begin PBXTargetDependency section */
		714A7BBA1EA334FC00170AB5 /* PBXTargetDependency */ = {
			isa = PBXTargetDependency;
			target = 714A7BA01EA334FC00170AB5 /* GameTrooper */;
			targetProxy = 714A7BB91EA334FC00170AB5 /* PBXContainerItemProxy */;
		};
		714A7BC51EA334FC00170AB5 /* PBXTargetDependency */ = {
			isa = PBXTargetDependency;
			target = 714A7BA01EA334FC00170AB5 /* GameTrooper */;
			targetProxy = 714A7BC41EA334FC00170AB5 /* PBXContainerItemProxy */;
		};
/* End PBXTargetDependency section */

/* Begin PBXVariantGroup section */
		714A7BA81EA334FC00170AB5 /* Main.storyboard */ = {
			isa = PBXVariantGroup;
			children = (
				714A7BA91EA334FC00170AB5 /* Base */,
			);
			name = Main.storyboard;
			sourceTree = "<group>";
		};
		714A7BB01EA334FC00170AB5 /* LaunchScreen.storyboard */ = {
			isa = PBXVariantGroup;
			children = (
				714A7BB11EA334FC00170AB5 /* Base */,
			);
			name = LaunchScreen.storyboard;
			sourceTree = "<group>";
		};
/* End PBXVariantGroup section */

/* Begin XCBuildConfiguration section */
		714A7BCA1EA334FC00170AB5 /* Debug */ = {
			isa = XCBuildConfiguration;
			buildSettings = {
				ALWAYS_SEARCH_USER_PATHS = NO;
				CLANG_ANALYZER_LOCALIZABILITY_NONLOCALIZED = YES;
				CLANG_ANALYZER_NONNULL = YES;
				CLANG_CXX_LANGUAGE_STANDARD = "gnu++0x";
				CLANG_CXX_LIBRARY = "libc++";
				CLANG_ENABLE_MODULES = YES;
				CLANG_ENABLE_OBJC_ARC = YES;
				CLANG_WARN_BLOCK_CAPTURE_AUTORELEASING = YES;
				CLANG_WARN_BOOL_CONVERSION = YES;
				CLANG_WARN_COMMA = YES;
				CLANG_WARN_CONSTANT_CONVERSION = YES;
				CLANG_WARN_DEPRECATED_OBJC_IMPLEMENTATIONS = YES;
				CLANG_WARN_DIRECT_OBJC_ISA_USAGE = YES_ERROR;
				CLANG_WARN_DOCUMENTATION_COMMENTS = YES;
				CLANG_WARN_EMPTY_BODY = YES;
				CLANG_WARN_ENUM_CONVERSION = YES;
				CLANG_WARN_INFINITE_RECURSION = YES;
				CLANG_WARN_INT_CONVERSION = YES;
				CLANG_WARN_NON_LITERAL_NULL_CONVERSION = YES;
				CLANG_WARN_OBJC_IMPLICIT_RETAIN_SELF = YES;
				CLANG_WARN_OBJC_LITERAL_CONVERSION = YES;
				CLANG_WARN_OBJC_ROOT_CLASS = YES_ERROR;
				CLANG_WARN_RANGE_LOOP_ANALYSIS = YES;
				CLANG_WARN_STRICT_PROTOTYPES = YES;
				CLANG_WARN_SUSPICIOUS_MOVE = YES;
				CLANG_WARN_UNREACHABLE_CODE = YES;
				CLANG_WARN__DUPLICATE_METHOD_MATCH = YES;
				"CODE_SIGN_IDENTITY[sdk=iphoneos*]" = "iPhone Developer";
				COPY_PHASE_STRIP = NO;
				DEBUG_INFORMATION_FORMAT = dwarf;
				ENABLE_STRICT_OBJC_MSGSEND = YES;
				ENABLE_TESTABILITY = YES;
				GCC_C_LANGUAGE_STANDARD = gnu99;
				GCC_DYNAMIC_NO_PIC = NO;
				GCC_NO_COMMON_BLOCKS = YES;
				GCC_OPTIMIZATION_LEVEL = 0;
				GCC_PREPROCESSOR_DEFINITIONS = (
					"DEBUG=1",
					"$(inherited)",
				);
				GCC_WARN_64_TO_32_BIT_CONVERSION = YES;
				GCC_WARN_ABOUT_RETURN_TYPE = YES_ERROR;
				GCC_WARN_UNDECLARED_SELECTOR = YES;
				GCC_WARN_UNINITIALIZED_AUTOS = YES_AGGRESSIVE;
				GCC_WARN_UNUSED_FUNCTION = YES;
				GCC_WARN_UNUSED_VARIABLE = YES;
				IPHONEOS_DEPLOYMENT_TARGET = 10.2;
				MTL_ENABLE_DEBUG_INFO = YES;
				ONLY_ACTIVE_ARCH = YES;
				SDKROOT = iphoneos;
				SWIFT_ACTIVE_COMPILATION_CONDITIONS = DEBUG;
				SWIFT_OPTIMIZATION_LEVEL = "-Onone";
			};
			name = Debug;
		};
		714A7BCB1EA334FC00170AB5 /* Release */ = {
			isa = XCBuildConfiguration;
			buildSettings = {
				ALWAYS_SEARCH_USER_PATHS = NO;
				CLANG_ANALYZER_LOCALIZABILITY_NONLOCALIZED = YES;
				CLANG_ANALYZER_NONNULL = YES;
				CLANG_CXX_LANGUAGE_STANDARD = "gnu++0x";
				CLANG_CXX_LIBRARY = "libc++";
				CLANG_ENABLE_MODULES = YES;
				CLANG_ENABLE_OBJC_ARC = YES;
				CLANG_WARN_BLOCK_CAPTURE_AUTORELEASING = YES;
				CLANG_WARN_BOOL_CONVERSION = YES;
				CLANG_WARN_COMMA = YES;
				CLANG_WARN_CONSTANT_CONVERSION = YES;
				CLANG_WARN_DEPRECATED_OBJC_IMPLEMENTATIONS = YES;
				CLANG_WARN_DIRECT_OBJC_ISA_USAGE = YES_ERROR;
				CLANG_WARN_DOCUMENTATION_COMMENTS = YES;
				CLANG_WARN_EMPTY_BODY = YES;
				CLANG_WARN_ENUM_CONVERSION = YES;
				CLANG_WARN_INFINITE_RECURSION = YES;
				CLANG_WARN_INT_CONVERSION = YES;
				CLANG_WARN_NON_LITERAL_NULL_CONVERSION = YES;
				CLANG_WARN_OBJC_IMPLICIT_RETAIN_SELF = YES;
				CLANG_WARN_OBJC_LITERAL_CONVERSION = YES;
				CLANG_WARN_OBJC_ROOT_CLASS = YES_ERROR;
				CLANG_WARN_RANGE_LOOP_ANALYSIS = YES;
				CLANG_WARN_STRICT_PROTOTYPES = YES;
				CLANG_WARN_SUSPICIOUS_MOVE = YES;
				CLANG_WARN_UNREACHABLE_CODE = YES;
				CLANG_WARN__DUPLICATE_METHOD_MATCH = YES;
				"CODE_SIGN_IDENTITY[sdk=iphoneos*]" = "iPhone Developer";
				COPY_PHASE_STRIP = NO;
				DEBUG_INFORMATION_FORMAT = "dwarf-with-dsym";
				ENABLE_NS_ASSERTIONS = NO;
				ENABLE_STRICT_OBJC_MSGSEND = YES;
				GCC_C_LANGUAGE_STANDARD = gnu99;
				GCC_NO_COMMON_BLOCKS = YES;
				GCC_WARN_64_TO_32_BIT_CONVERSION = YES;
				GCC_WARN_ABOUT_RETURN_TYPE = YES_ERROR;
				GCC_WARN_UNDECLARED_SELECTOR = YES;
				GCC_WARN_UNINITIALIZED_AUTOS = YES_AGGRESSIVE;
				GCC_WARN_UNUSED_FUNCTION = YES;
				GCC_WARN_UNUSED_VARIABLE = YES;
				IPHONEOS_DEPLOYMENT_TARGET = 10.2;
				MTL_ENABLE_DEBUG_INFO = NO;
				SDKROOT = iphoneos;
				SWIFT_OPTIMIZATION_LEVEL = "-Owholemodule";
				VALIDATE_PRODUCT = YES;
			};
			name = Release;
		};
		714A7BCD1EA334FC00170AB5 /* Debug */ = {
			isa = XCBuildConfiguration;
			baseConfigurationReference = 23B714FE62E7A0D3619806E4 /* Pods-GameTrooper.debug.xcconfig */;
			buildSettings = {
				ASSETCATALOG_COMPILER_APPICON_NAME = AppIcon;
				DEVELOPMENT_TEAM = HL4FW5S9QY;
				INFOPLIST_FILE = GameTrooper/Info.plist;
				LD_RUNPATH_SEARCH_PATHS = "$(inherited) @executable_path/Frameworks";
				PRODUCT_BUNDLE_IDENTIFIER = Monash.GameTrooper;
				PRODUCT_NAME = "$(TARGET_NAME)";
				SWIFT_VERSION = 5.0;
			};
			name = Debug;
		};
		714A7BCE1EA334FC00170AB5 /* Release */ = {
			isa = XCBuildConfiguration;
			baseConfigurationReference = 7EB5EB1B84138B5D3101C652 /* Pods-GameTrooper.release.xcconfig */;
			buildSettings = {
				ASSETCATALOG_COMPILER_APPICON_NAME = AppIcon;
				DEVELOPMENT_TEAM = HL4FW5S9QY;
				INFOPLIST_FILE = GameTrooper/Info.plist;
				LD_RUNPATH_SEARCH_PATHS = "$(inherited) @executable_path/Frameworks";
				PRODUCT_BUNDLE_IDENTIFIER = Monash.GameTrooper;
				PRODUCT_NAME = "$(TARGET_NAME)";
				SWIFT_VERSION = 5.0;
			};
			name = Release;
		};
		714A7BD01EA334FC00170AB5 /* Debug */ = {
			isa = XCBuildConfiguration;
			baseConfigurationReference = 858D31B65D3553B4A007B5B5 /* Pods-GameTrooperTests.debug.xcconfig */;
			buildSettings = {
				ALWAYS_EMBED_SWIFT_STANDARD_LIBRARIES = YES;
				BUNDLE_LOADER = "$(TEST_HOST)";
				INFOPLIST_FILE = GameTrooperTests/Info.plist;
				LD_RUNPATH_SEARCH_PATHS = "$(inherited) @executable_path/Frameworks @loader_path/Frameworks";
				PRODUCT_BUNDLE_IDENTIFIER = Monash.GameTrooperTests;
				PRODUCT_NAME = "$(TARGET_NAME)";
				SWIFT_VERSION = 5.0;
				TEST_HOST = "$(BUILT_PRODUCTS_DIR)/GameTrooper.app/GameTrooper";
			};
			name = Debug;
		};
		714A7BD11EA334FC00170AB5 /* Release */ = {
			isa = XCBuildConfiguration;
			baseConfigurationReference = 9BCA48C63C02C64FD8FB80AB /* Pods-GameTrooperTests.release.xcconfig */;
			buildSettings = {
				ALWAYS_EMBED_SWIFT_STANDARD_LIBRARIES = YES;
				BUNDLE_LOADER = "$(TEST_HOST)";
				INFOPLIST_FILE = GameTrooperTests/Info.plist;
				LD_RUNPATH_SEARCH_PATHS = "$(inherited) @executable_path/Frameworks @loader_path/Frameworks";
				PRODUCT_BUNDLE_IDENTIFIER = Monash.GameTrooperTests;
				PRODUCT_NAME = "$(TARGET_NAME)";
				SWIFT_VERSION = 5.0;
				TEST_HOST = "$(BUILT_PRODUCTS_DIR)/GameTrooper.app/GameTrooper";
			};
			name = Release;
		};
		714A7BD31EA334FC00170AB5 /* Debug */ = {
			isa = XCBuildConfiguration;
			baseConfigurationReference = 6BD30475DE7575B8AE8F792A /* Pods-GameTrooperUITests.debug.xcconfig */;
			buildSettings = {
				ALWAYS_EMBED_SWIFT_STANDARD_LIBRARIES = YES;
				INFOPLIST_FILE = GameTrooperUITests/Info.plist;
				LD_RUNPATH_SEARCH_PATHS = "$(inherited) @executable_path/Frameworks @loader_path/Frameworks";
				PRODUCT_BUNDLE_IDENTIFIER = Monash.GameTrooperUITests;
				PRODUCT_NAME = "$(TARGET_NAME)";
				SWIFT_VERSION = 5.0;
				TEST_TARGET_NAME = GameTrooper;
			};
			name = Debug;
		};
		714A7BD41EA334FC00170AB5 /* Release */ = {
			isa = XCBuildConfiguration;
			baseConfigurationReference = 83FE4124F6073F168838DD69 /* Pods-GameTrooperUITests.release.xcconfig */;
			buildSettings = {
				ALWAYS_EMBED_SWIFT_STANDARD_LIBRARIES = YES;
				INFOPLIST_FILE = GameTrooperUITests/Info.plist;
				LD_RUNPATH_SEARCH_PATHS = "$(inherited) @executable_path/Frameworks @loader_path/Frameworks";
				PRODUCT_BUNDLE_IDENTIFIER = Monash.GameTrooperUITests;
				PRODUCT_NAME = "$(TARGET_NAME)";
				SWIFT_VERSION = 5.0;
				TEST_TARGET_NAME = GameTrooper;
			};
			name = Release;
		};
/* End XCBuildConfiguration section */

/* Begin XCConfigurationList section */
		714A7B9C1EA334FC00170AB5 /* Build configuration list for PBXProject "GameTrooper" */ = {
			isa = XCConfigurationList;
			buildConfigurations = (
				714A7BCA1EA334FC00170AB5 /* Debug */,
				714A7BCB1EA334FC00170AB5 /* Release */,
			);
			defaultConfigurationIsVisible = 0;
			defaultConfigurationName = Release;
		};
		714A7BCC1EA334FC00170AB5 /* Build configuration list for PBXNativeTarget "GameTrooper" */ = {
			isa = XCConfigurationList;
			buildConfigurations = (
				714A7BCD1EA334FC00170AB5 /* Debug */,
				714A7BCE1EA334FC00170AB5 /* Release */,
			);
			defaultConfigurationIsVisible = 0;
			defaultConfigurationName = Release;
		};
		714A7BCF1EA334FC00170AB5 /* Build configuration list for PBXNativeTarget "GameTrooperTests" */ = {
			isa = XCConfigurationList;
			buildConfigurations = (
				714A7BD01EA334FC00170AB5 /* Debug */,
				714A7BD11EA334FC00170AB5 /* Release */,
			);
			defaultConfigurationIsVisible = 0;
			defaultConfigurationName = Release;
		};
		714A7BD21EA334FC00170AB5 /* Build configuration list for PBXNativeTarget "GameTrooperUITests" */ = {
			isa = XCConfigurationList;
			buildConfigurations = (
				714A7BD31EA334FC00170AB5 /* Debug */,
				714A7BD41EA334FC00170AB5 /* Release */,
			);
			defaultConfigurationIsVisible = 0;
			defaultConfigurationName = Release;
		};
/* End XCConfigurationList section */

/* Begin XCVersionGroup section */
		714A7BAB1EA334FC00170AB5 /* GameTrooper.xcdatamodeld */ = {
			isa = XCVersionGroup;
			children = (
				714A7BAC1EA334FC00170AB5 /* GameTrooper.xcdatamodel */,
			);
			currentVersion = 714A7BAC1EA334FC00170AB5 /* GameTrooper.xcdatamodel */;
			path = GameTrooper.xcdatamodeld;
			sourceTree = "<group>";
			versionGroupType = wrapper.xcdatamodel;
		};
/* End XCVersionGroup section */
	};
	rootObject = 714A7B991EA334FC00170AB5 /* Project object */;
}
