// !$*UTF8*$!
{
	archiveVersion = 1;
	classes = {
	};
	objectVersion = 46;
	objects = {

/* Begin PBXBuildFile section */
		714A7BA51EA334FC00170AB5 /* AppDelegate.swift in Sources */ = {isa = PBXBuildFile; fileRef = 714A7BA41EA334FC00170AB5 /* AppDelegate.swift */; };
		714A7BA71EA334FC00170AB5 /* ViewController.swift in Sources */ = {isa = PBXBuildFile; fileRef = 714A7BA61EA334FC00170AB5 /* ViewController.swift */; };
		714A7BAA1EA334FC00170AB5 /* Main.storyboard in Resources */ = {isa = PBXBuildFile; fileRef = 714A7BA81EA334FC00170AB5 /* Main.storyboard */; };
		714A7BAD1EA334FC00170AB5 /* GameTrooper.xcdatamodeld in Sources */ = {isa = PBXBuildFile; fileRef = 714A7BAB1EA334FC00170AB5 /* GameTrooper.xcdatamodeld */; };
		714A7BAF1EA334FC00170AB5 /* Assets.xcassets in Resources */ = {isa = PBXBuildFile; fileRef = 714A7BAE1EA334FC00170AB5 /* Assets.xcassets */; };
		714A7BB21EA334FC00170AB5 /* LaunchScreen.storyboard in Resources */ = {isa = PBXBuildFile; fileRef = 714A7BB01EA334FC00170AB5 /* LaunchScreen.storyboard */; };
		714A7BBD1EA334FC00170AB5 /* GameTrooperTests.swift in Sources */ = {isa = PBXBuildFile; fileRef = 714A7BBC1EA334FC00170AB5 /* GameTrooperTests.swift */; };
		714A7BC81EA334FC00170AB5 /* GameTrooperUITests.swift in Sources */ = {isa = PBXBuildFile; fileRef = 714A7BC71EA334FC00170AB5 /* GameTrooperUITests.swift */; };
/* End PBXBuildFile section */

/* Begin PBXContainerItemProxy section */
		714A7BB91EA334FC00170AB5 /* PBXContainerItemProxy */ = {
			isa = PBXContainerItemProxy;
			containerPortal = 714A7B991EA334FC00170AB5 /* Project object */;
			proxyType = 1;
			remoteGlobalIDString = 714A7BA01EA334FC00170AB5;
			remoteInfo = GameTrooper;
		};
		714A7BC41EA334FC00170AB5 /* PBXContainerItemProxy */ = {
			isa = PBXContainerItemProxy;
			containerPortal = 714A7B991EA334FC00170AB5 /* Project object */;
			proxyType = 1;
			remoteGlobalIDString = 714A7BA01EA334FC00170AB5;
			remoteInfo = GameTrooper;
		};
/* End PBXContainerItemProxy section */

/* Begin PBXFileReference section */
		714A7BA11EA334FC00170AB5 /* GameTrooper.app */ = {isa = PBXFileReference; explicitFileType = wrapper.application; includeInIndex = 0; path = GameTrooper.app; sourceTree = BUILT_PRODUCTS_DIR; };
		714A7BA41EA334FC00170AB5 /* AppDelegate.swift */ = {isa = PBXFileReference; lastKnownFileType = sourcecode.swift; path = AppDelegate.swift; sourceTree = "<group>"; };
		714A7BA61EA334FC00170AB5 /* ViewController.swift */ = {isa = PBXFileReference; lastKnownFileType = sourcecode.swift; path = ViewController.swift; sourceTree = "<group>"; };
		714A7BA91EA334FC00170AB5 /* Base */ = {isa = PBXFileReference; lastKnownFileType = file.storyboard; name = Base; path = Base.lproj/Main.storyboard; sourceTree = "<group>"; };
		714A7BAC1EA334FC00170AB5 /* GameTrooper.xcdatamodel */ = {isa = PBXFileReference; lastKnownFileType = wrapper.xcdatamodel; path = GameTrooper.xcdatamodel; sourceTree = "<group>"; };
		714A7BAE1EA334FC00170AB5 /* Assets.xcassets */ = {isa = PBXFileReference; lastKnownFileType = folder.assetcatalog; path = Assets.xcassets; sourceTree = "<group>"; };
		714A7BB11EA334FC00170AB5 /* Base */ = {isa = PBXFileReference; lastKnownFileType = file.storyboard; name = Base; path = Base.lproj/LaunchScreen.storyboard; sourceTree = "<group>"; };
		714A7BB31EA334FC00170AB5 /* Info.plist */ = {isa = PBXFileReference; lastKnownFileType = text.plist.xml; path = Info.plist; sourceTree = "<group>"; };
		714A7BB81EA334FC00170AB5 /* GameTrooperTests.xctest */ = {isa = PBXFileReference; explicitFileType = wrapper.cfbundle; includeInIndex = 0; path = GameTrooperTests.xctest; sourceTree = BUILT_PRODUCTS_DIR; };
		714A7BBC1EA334FC00170AB5 /* GameTrooperTests.swift */ = {isa = PBXFileReference; lastKnownFileType = sourcecode.swift; path = GameTrooperTests.swift; sourceTree = "<group>"; };
		714A7BBE1EA334FC00170AB5 /* Info.plist */ = {isa = PBXFileReference; lastKnownFileType = text.plist.xml; path = Info.plist; sourceTree = "<group>"; };
		714A7BC31EA334FC00170AB5 /* GameTrooperUITests.xctest */ = {isa = PBXFileReference; explicitFileType = wrapper.cfbundle; includeInIndex = 0; path = GameTrooperUITests.xctest; sourceTree = BUILT_PRODUCTS_DIR; };
		714A7BC71EA334FC00170AB5 /* GameTrooperUITests.swift */ = {isa = PBXFileReference; lastKnownFileType = sourcecode.swift; path = GameTrooperUITests.swift; sourceTree = "<group>"; };
		714A7BC91EA334FC00170AB5 /* Info.plist */ = {isa = PBXFileReference; lastKnownFileType = text.plist.xml; path = Info.plist; sourceTree = "<group>"; };
/* End PBXFileReference section */

/* Begin PBXFrameworksBuildPhase section */
		714A7B9E1EA334FC00170AB5 /* Frameworks */ = {
			isa = PBXFrameworksBuildPhase;
			buildActionMask = 2147483647;
			files = (
			);
			runOnlyForDeploymentPostprocessing = 0;
		};
		714A7BB51EA334FC00170AB5 /* Frameworks */ = {
			isa = PBXFrameworksBuildPhase;
			buildActionMask = 2147483647;
			files = (
			);
			runOnlyForDeploymentPostprocessing = 0;
		};
		714A7BC01EA334FC00170AB5 /* Frameworks */ = {
			isa = PBXFrameworksBuildPhase;
			buildActionMask = 2147483647;
			files = (
			);
			runOnlyForDeploymentPostprocessing = 0;
		};
/* End PBXFrameworksBuildPhase section */

/* Begin PBXGroup section */
		714A7B981EA334FC00170AB5 = {
			isa = PBXGroup;
			children = (
				714A7BA31EA334FC00170AB5 /* GameTrooper */,
				714A7BBB1EA334FC00170AB5 /* GameTrooperTests */,
				714A7BC61EA334FC00170AB5 /* GameTrooperUITests */,
				714A7BA21EA334FC00170AB5 /* Products */,
			);
			sourceTree = "<group>";
		};
		714A7BA21EA334FC00170AB5 /* Products */ = {
			isa = PBXGroup;
			children = (
				714A7BA11EA334FC00170AB5 /* GameTrooper.app */,
				714A7BB81EA334FC00170AB5 /* GameTrooperTests.xctest */,
				714A7BC31EA334FC00170AB5 /* GameTrooperUITests.xctest */,
			);
			name = Products;
			sourceTree = "<group>";
		};
		714A7BA31EA334FC00170AB5 /* GameTrooper */ = {
			isa = PBXGroup;
			children = (
				714A7BA41EA334FC00170AB5 /* AppDelegate.swift */,
				714A7BA61EA334FC00170AB5 /* ViewController.swift */,
				714A7BA81EA334FC00170AB5 /* Main.storyboard */,
				714A7BAE1EA334FC00170AB5 /* Assets.xcassets */,
				714A7BB01EA334FC00170AB5 /* LaunchScreen.storyboard */,
				714A7BB31EA334FC00170AB5 /* Info.plist */,
				714A7BAB1EA334FC00170AB5 /* GameTrooper.xcdatamodeld */,
			);
			path = GameTrooper;
			sourceTree = "<group>";
		};
		714A7BBB1EA334FC00170AB5 /* GameTrooperTests */ = {
			isa = PBXGroup;
			children = (
				714A7BBC1EA334FC00170AB5 /* GameTrooperTests.swift */,
				714A7BBE1EA334FC00170AB5 /* Info.plist */,
			);
			path = GameTrooperTests;
			sourceTree = "<group>";
		};
		714A7BC61EA334FC00170AB5 /* GameTrooperUITests */ = {
			isa = PBXGroup;
			children = (
				714A7BC71EA334FC00170AB5 /* GameTrooperUITests.swift */,
				714A7BC91EA334FC00170AB5 /* Info.plist */,
			);
			path = GameTrooperUITests;
			sourceTree = "<group>";
		};
/* End PBXGroup section */

/* Begin PBXNativeTarget section */
		714A7BA01EA334FC00170AB5 /* GameTrooper */ = {
			isa = PBXNativeTarget;
			buildConfigurationList = 714A7BCC1EA334FC00170AB5 /* Build configuration list for PBXNativeTarget "GameTrooper" */;
			buildPhases = (
				714A7B9D1EA334FC00170AB5 /* Sources */,
				714A7B9E1EA334FC00170AB5 /* Frameworks */,
				714A7B9F1EA334FC00170AB5 /* Resources */,
			);
			buildRules = (
			);
			dependencies = (
			);
			name = GameTrooper;
			productName = GameTrooper;
			productReference = 714A7BA11EA334FC00170AB5 /* GameTrooper.app */;
			productType = "com.apple.product-type.application";
		};
		714A7BB71EA334FC00170AB5 /* GameTrooperTests */ = {
			isa = PBXNativeTarget;
			buildConfigurationList = 714A7BCF1EA334FC00170AB5 /* Build configuration list for PBXNativeTarget "GameTrooperTests" */;
			buildPhases = (
				714A7BB41EA334FC00170AB5 /* Sources */,
				714A7BB51EA334FC00170AB5 /* Frameworks */,
				714A7BB61EA334FC00170AB5 /* Resources */,
			);
			buildRules = (
			);
			dependencies = (
				714A7BBA1EA334FC00170AB5 /* PBXTargetDependency */,
			);
			name = GameTrooperTests;
			productName = GameTrooperTests;
			productReference = 714A7BB81EA334FC00170AB5 /* GameTrooperTests.xctest */;
			productType = "com.apple.product-type.bundle.unit-test";
		};
		714A7BC21EA334FC00170AB5 /* GameTrooperUITests */ = {
			isa = PBXNativeTarget;
			buildConfigurationList = 714A7BD21EA334FC00170AB5 /* Build configuration list for PBXNativeTarget "GameTrooperUITests" */;
			buildPhases = (
				714A7BBF1EA334FC00170AB5 /* Sources */,
				714A7BC01EA334FC00170AB5 /* Frameworks */,
				714A7BC11EA334FC00170AB5 /* Resources */,
			);
			buildRules = (
			);
			dependencies = (
				714A7BC51EA334FC00170AB5 /* PBXTargetDependency */,
			);
			name = GameTrooperUITests;
			productName = GameTrooperUITests;
			productReference = 714A7BC31EA334FC00170AB5 /* GameTrooperUITests.xctest */;
			productType = "com.apple.product-type.bundle.ui-testing";
		};
/* End PBXNativeTarget section */

/* Begin PBXProject section */
		714A7B991EA334FC00170AB5 /* Project object */ = {
			isa = PBXProject;
			attributes = {
				LastSwiftUpdateCheck = 0820;
				LastUpgradeCheck = 0820;
				ORGANIZATIONNAME = "Ray Krishardi Layadi";
				TargetAttributes = {
					714A7BA01EA334FC00170AB5 = {
						CreatedOnToolsVersion = 8.2.1;
						ProvisioningStyle = Automatic;
					};
					714A7BB71EA334FC00170AB5 = {
						CreatedOnToolsVersion = 8.2.1;
						ProvisioningStyle = Automatic;
						TestTargetID = 714A7BA01EA334FC00170AB5;
					};
					714A7BC21EA334FC00170AB5 = {
						CreatedOnToolsVersion = 8.2.1;
						ProvisioningStyle = Automatic;
						TestTargetID = 714A7BA01EA334FC00170AB5;
					};
				};
			};
			buildConfigurationList = 714A7B9C1EA334FC00170AB5 /* Build configuration list for PBXProject "GameTrooper" */;
			compatibilityVersion = "Xcode 3.2";
			developmentRegion = English;
			hasScannedForEncodings = 0;
			knownRegions = (
				en,
				Base,
			);
			mainGroup = 714A7B981EA334FC00170AB5;
			productRefGroup = 714A7BA21EA334FC00170AB5 /* Products */;
			projectDirPath = "";
			projectRoot = "";
			targets = (
				714A7BA01EA334FC00170AB5 /* GameTrooper */,
				714A7BB71EA334FC00170AB5 /* GameTrooperTests */,
				714A7BC21EA334FC00170AB5 /* GameTrooperUITests */,
			);
		};
/* End PBXProject section */

/* Begin PBXResourcesBuildPhase section */
		714A7B9F1EA334FC00170AB5 /* Resources */ = {
			isa = PBXResourcesBuildPhase;
			buildActionMask = 2147483647;
			files = (
				714A7BB21EA334FC00170AB5 /* LaunchScreen.storyboard in Resources */,
				714A7BAF1EA334FC00170AB5 /* Assets.xcassets in Resources */,
				714A7BAA1EA334FC00170AB5 /* Main.storyboard in Resources */,
			);
			runOnlyForDeploymentPostprocessing = 0;
		};
		714A7BB61EA334FC00170AB5 /* Resources */ = {
			isa = PBXResourcesBuildPhase;
			buildActionMask = 2147483647;
			files = (
			);
			runOnlyForDeploymentPostprocessing = 0;
		};
		714A7BC11EA334FC00170AB5 /* Resources */ = {
			isa = PBXResourcesBuildPhase;
			buildActionMask = 2147483647;
			files = (
			);
			runOnlyForDeploymentPostprocessing = 0;
		};
/* End PBXResourcesBuildPhase section */

/* Begin PBXSourcesBuildPhase section */
		714A7B9D1EA334FC00170AB5 /* Sources */ = {
			isa = PBXSourcesBuildPhase;
			buildActionMask = 2147483647;
			files = (
				714A7BA71EA334FC00170AB5 /* ViewController.swift in Sources */,
				714A7BA51EA334FC00170AB5 /* AppDelegate.swift in Sources */,
				714A7BAD1EA334FC00170AB5 /* GameTrooper.xcdatamodeld in Sources */,
			);
			runOnlyForDeploymentPostprocessing = 0;
		};
		714A7BB41EA334FC00170AB5 /* Sources */ = {
			isa = PBXSourcesBuildPhase;
			buildActionMask = 2147483647;
			files = (
				714A7BBD1EA334FC00170AB5 /* GameTrooperTests.swift in Sources */,
			);
			runOnlyForDeploymentPostprocessing = 0;
		};
		714A7BBF1EA334FC00170AB5 /* Sources */ = {
			isa = PBXSourcesBuildPhase;
			buildActionMask = 2147483647;
			files = (
				714A7BC81EA334FC00170AB5 /* GameTrooperUITests.swift in Sources */,
			);
			runOnlyForDeploymentPostprocessing = 0;
		};
/* End PBXSourcesBuildPhase section */

/* Begin PBXTargetDependency section */
		714A7BBA1EA334FC00170AB5 /* PBXTargetDependency */ = {
			isa = PBXTargetDependency;
			target = 714A7BA01EA334FC00170AB5 /* GameTrooper */;
			targetProxy = 714A7BB91EA334FC00170AB5 /* PBXContainerItemProxy */;
		};
		714A7BC51EA334FC00170AB5 /* PBXTargetDependency */ = {
			isa = PBXTargetDependency;
			target = 714A7BA01EA334FC00170AB5 /* GameTrooper */;
			targetProxy = 714A7BC41EA334FC00170AB5 /* PBXContainerItemProxy */;
		};
/* End PBXTargetDependency section */

/* Begin PBXVariantGroup section */
		714A7BA81EA334FC00170AB5 /* Main.storyboard */ = {
			isa = PBXVariantGroup;
			children = (
				714A7BA91EA334FC00170AB5 /* Base */,
			);
			name = Main.storyboard;
			sourceTree = "<group>";
		};
		714A7BB01EA334FC00170AB5 /* LaunchScreen.storyboard */ = {
			isa = PBXVariantGroup;
			children = (
				714A7BB11EA334FC00170AB5 /* Base */,
			);
			name = LaunchScreen.storyboard;
			sourceTree = "<group>";
		};
/* End PBXVariantGroup section */

/* Begin XCBuildConfiguration section */
		714A7BCA1EA334FC00170AB5 /* Debug */ = {
			isa = XCBuildConfiguration;
			buildSettings = {
				ALWAYS_SEARCH_USER_PATHS = NO;
				CLANG_ANALYZER_NONNULL = YES;
				CLANG_CXX_LANGUAGE_STANDARD = "gnu++0x";
				CLANG_CXX_LIBRARY = "libc++";
				CLANG_ENABLE_MODULES = YES;
				CLANG_ENABLE_OBJC_ARC = YES;
				CLANG_WARN_BOOL_CONVERSION = YES;
				CLANG_WARN_CONSTANT_CONVERSION = YES;
				CLANG_WARN_DIRECT_OBJC_ISA_USAGE = YES_ERROR;
				CLANG_WARN_DOCUMENTATION_COMMENTS = YES;
				CLANG_WARN_EMPTY_BODY = YES;
				CLANG_WARN_ENUM_CONVERSION = YES;
				CLANG_WARN_INFINITE_RECURSION = YES;
				CLANG_WARN_INT_CONVERSION = YES;
				CLANG_WARN_OBJC_ROOT_CLASS = YES_ERROR;
				CLANG_WARN_SUSPICIOUS_MOVE = YES;
				CLANG_WARN_UNREACHABLE_CODE = YES;
				CLANG_WARN__DUPLICATE_METHOD_MATCH = YES;
				"CODE_SIGN_IDENTITY[sdk=iphoneos*]" = "iPhone Developer";
				COPY_PHASE_STRIP = NO;
				DEBUG_INFORMATION_FORMAT = dwarf;
				ENABLE_STRICT_OBJC_MSGSEND = YES;
				ENABLE_TESTABILITY = YES;
				GCC_C_LANGUAGE_STANDARD = gnu99;
				GCC_DYNAMIC_NO_PIC = NO;
				GCC_NO_COMMON_BLOCKS = YES;
				GCC_OPTIMIZATION_LEVEL = 0;
				GCC_PREPROCESSOR_DEFINITIONS = (
					"DEBUG=1",
					"$(inherited)",
				);
				GCC_WARN_64_TO_32_BIT_CONVERSION = YES;
				GCC_WARN_ABOUT_RETURN_TYPE = YES_ERROR;
				GCC_WARN_UNDECLARED_SELECTOR = YES;
				GCC_WARN_UNINITIALIZED_AUTOS = YES_AGGRESSIVE;
				GCC_WARN_UNUSED_FUNCTION = YES;
				GCC_WARN_UNUSED_VARIABLE = YES;
				IPHONEOS_DEPLOYMENT_TARGET = 10.2;
				MTL_ENABLE_DEBUG_INFO = YES;
				ONLY_ACTIVE_ARCH = YES;
				SDKROOT = iphoneos;
				SWIFT_ACTIVE_COMPILATION_CONDITIONS = DEBUG;
				SWIFT_OPTIMIZATION_LEVEL = "-Onone";
			};
			name = Debug;
		};
		714A7BCB1EA334FC00170AB5 /* Release */ = {
			isa = XCBuildConfiguration;
			buildSettings = {
				ALWAYS_SEARCH_USER_PATHS = NO;
				CLANG_ANALYZER_NONNULL = YES;
				CLANG_CXX_LANGUAGE_STANDARD = "gnu++0x";
				CLANG_CXX_LIBRARY = "libc++";
				CLANG_ENABLE_MODULES = YES;
				CLANG_ENABLE_OBJC_ARC = YES;
				CLANG_WARN_BOOL_CONVERSION = YES;
				CLANG_WARN_CONSTANT_CONVERSION = YES;
				CLANG_WARN_DIRECT_OBJC_ISA_USAGE = YES_ERROR;
				CLANG_WARN_DOCUMENTATION_COMMENTS = YES;
				CLANG_WARN_EMPTY_BODY = YES;
				CLANG_WARN_ENUM_CONVERSION = YES;
				CLANG_WARN_INFINITE_RECURSION = YES;
				CLANG_WARN_INT_CONVERSION = YES;
				CLANG_WARN_OBJC_ROOT_CLASS = YES_ERROR;
				CLANG_WARN_SUSPICIOUS_MOVE = YES;
				CLANG_WARN_UNREACHABLE_CODE = YES;
				CLANG_WARN__DUPLICATE_METHOD_MATCH = YES;
				"CODE_SIGN_IDENTITY[sdk=iphoneos*]" = "iPhone Developer";
				COPY_PHASE_STRIP = NO;
				DEBUG_INFORMATION_FORMAT = "dwarf-with-dsym";
				ENABLE_NS_ASSERTIONS = NO;
				ENABLE_STRICT_OBJC_MSGSEND = YES;
				GCC_C_LANGUAGE_STANDARD = gnu99;
				GCC_NO_COMMON_BLOCKS = YES;
				GCC_WARN_64_TO_32_BIT_CONVERSION = YES;
				GCC_WARN_ABOUT_RETURN_TYPE = YES_ERROR;
				GCC_WARN_UNDECLARED_SELECTOR = YES;
				GCC_WARN_UNINITIALIZED_AUTOS = YES_AGGRESSIVE;
				GCC_WARN_UNUSED_FUNCTION = YES;
				GCC_WARN_UNUSED_VARIABLE = YES;
				IPHONEOS_DEPLOYMENT_TARGET = 10.2;
				MTL_ENABLE_DEBUG_INFO = NO;
				SDKROOT = iphoneos;
				SWIFT_OPTIMIZATION_LEVEL = "-Owholemodule";
				VALIDATE_PRODUCT = YES;
			};
			name = Release;
		};
		714A7BCD1EA334FC00170AB5 /* Debug */ = {
			isa = XCBuildConfiguration;
			buildSettings = {
				ASSETCATALOG_COMPILER_APPICON_NAME = AppIcon;
				INFOPLIST_FILE = GameTrooper/Info.plist;
				LD_RUNPATH_SEARCH_PATHS = "$(inherited) @executable_path/Frameworks";
				PRODUCT_BUNDLE_IDENTIFIER = Monash.GameTrooper;
				PRODUCT_NAME = "$(TARGET_NAME)";
				SWIFT_VERSION = 3.0;
			};
			name = Debug;
		};
		714A7BCE1EA334FC00170AB5 /* Release */ = {
			isa = XCBuildConfiguration;
			buildSettings = {
				ASSETCATALOG_COMPILER_APPICON_NAME = AppIcon;
				INFOPLIST_FILE = GameTrooper/Info.plist;
				LD_RUNPATH_SEARCH_PATHS = "$(inherited) @executable_path/Frameworks";
				PRODUCT_BUNDLE_IDENTIFIER = Monash.GameTrooper;
				PRODUCT_NAME = "$(TARGET_NAME)";
				SWIFT_VERSION = 3.0;
			};
			name = Release;
		};
		714A7BD01EA334FC00170AB5 /* Debug */ = {
			isa = XCBuildConfiguration;
			buildSettings = {
				ALWAYS_EMBED_SWIFT_STANDARD_LIBRARIES = YES;
				BUNDLE_LOADER = "$(TEST_HOST)";
				INFOPLIST_FILE = GameTrooperTests/Info.plist;
				LD_RUNPATH_SEARCH_PATHS = "$(inherited) @executable_path/Frameworks @loader_path/Frameworks";
				PRODUCT_BUNDLE_IDENTIFIER = Monash.GameTrooperTests;
				PRODUCT_NAME = "$(TARGET_NAME)";
				SWIFT_VERSION = 3.0;
				TEST_HOST = "$(BUILT_PRODUCTS_DIR)/GameTrooper.app/GameTrooper";
			};
			name = Debug;
		};
		714A7BD11EA334FC00170AB5 /* Release */ = {
			isa = XCBuildConfiguration;
			buildSettings = {
				ALWAYS_EMBED_SWIFT_STANDARD_LIBRARIES = YES;
				BUNDLE_LOADER = "$(TEST_HOST)";
				INFOPLIST_FILE = GameTrooperTests/Info.plist;
				LD_RUNPATH_SEARCH_PATHS = "$(inherited) @executable_path/Frameworks @loader_path/Frameworks";
				PRODUCT_BUNDLE_IDENTIFIER = Monash.GameTrooperTests;
				PRODUCT_NAME = "$(TARGET_NAME)";
				SWIFT_VERSION = 3.0;
				TEST_HOST = "$(BUILT_PRODUCTS_DIR)/GameTrooper.app/GameTrooper";
			};
			name = Release;
		};
		714A7BD31EA334FC00170AB5 /* Debug */ = {
			isa = XCBuildConfiguration;
			buildSettings = {
				ALWAYS_EMBED_SWIFT_STANDARD_LIBRARIES = YES;
				INFOPLIST_FILE = GameTrooperUITests/Info.plist;
				LD_RUNPATH_SEARCH_PATHS = "$(inherited) @executable_path/Frameworks @loader_path/Frameworks";
				PRODUCT_BUNDLE_IDENTIFIER = Monash.GameTrooperUITests;
				PRODUCT_NAME = "$(TARGET_NAME)";
				SWIFT_VERSION = 3.0;
				TEST_TARGET_NAME = GameTrooper;
			};
			name = Debug;
		};
		714A7BD41EA334FC00170AB5 /* Release */ = {
			isa = XCBuildConfiguration;
			buildSettings = {
				ALWAYS_EMBED_SWIFT_STANDARD_LIBRARIES = YES;
				INFOPLIST_FILE = GameTrooperUITests/Info.plist;
				LD_RUNPATH_SEARCH_PATHS = "$(inherited) @executable_path/Frameworks @loader_path/Frameworks";
				PRODUCT_BUNDLE_IDENTIFIER = Monash.GameTrooperUITests;
				PRODUCT_NAME = "$(TARGET_NAME)";
				SWIFT_VERSION = 3.0;
				TEST_TARGET_NAME = GameTrooper;
			};
			name = Release;
		};
/* End XCBuildConfiguration section */

/* Begin XCConfigurationList section */
		714A7B9C1EA334FC00170AB5 /* Build configuration list for PBXProject "GameTrooper" */ = {
			isa = XCConfigurationList;
			buildConfigurations = (
				714A7BCA1EA334FC00170AB5 /* Debug */,
				714A7BCB1EA334FC00170AB5 /* Release */,
			);
			defaultConfigurationIsVisible = 0;
			defaultConfigurationName = Release;
		};
		714A7BCC1EA334FC00170AB5 /* Build configuration list for PBXNativeTarget "GameTrooper" */ = {
			isa = XCConfigurationList;
			buildConfigurations = (
				714A7BCD1EA334FC00170AB5 /* Debug */,
				714A7BCE1EA334FC00170AB5 /* Release */,
			);
			defaultConfigurationIsVisible = 0;
		};
		714A7BCF1EA334FC00170AB5 /* Build configuration list for PBXNativeTarget "GameTrooperTests" */ = {
			isa = XCConfigurationList;
			buildConfigurations = (
				714A7BD01EA334FC00170AB5 /* Debug */,
				714A7BD11EA334FC00170AB5 /* Release */,
			);
			defaultConfigurationIsVisible = 0;
		};
		714A7BD21EA334FC00170AB5 /* Build configuration list for PBXNativeTarget "GameTrooperUITests" */ = {
			isa = XCConfigurationList;
			buildConfigurations = (
				714A7BD31EA334FC00170AB5 /* Debug */,
				714A7BD41EA334FC00170AB5 /* Release */,
			);
			defaultConfigurationIsVisible = 0;
		};
/* End XCConfigurationList section */

/* Begin XCVersionGroup section */
		714A7BAB1EA334FC00170AB5 /* GameTrooper.xcdatamodeld */ = {
			isa = XCVersionGroup;
			children = (
				714A7BAC1EA334FC00170AB5 /* GameTrooper.xcdatamodel */,
			);
			currentVersion = 714A7BAC1EA334FC00170AB5 /* GameTrooper.xcdatamodel */;
			path = GameTrooper.xcdatamodeld;
			sourceTree = "<group>";
			versionGroupType = wrapper.xcdatamodel;
		};
/* End XCVersionGroup section */
	};
	rootObject = 714A7B991EA334FC00170AB5 /* Project object */;
}
